
Microsoft Visual Studio Solution File, Format Version 12.00
# Visual Studio 15
VisualStudioVersion = 15.0.28010.2050
MinimumVisualStudioVersion = 10.0.40219.1
Project("{FAE04EC0-301F-11D3-BF4B-00C04F79EFBC}") = "Server", "Server\Server.csproj", "{732D2850-7D6D-46CE-801B-493543CA6013}"
EndProject
Project("{FAE04EC0-301F-11D3-BF4B-00C04F79EFBC}") = "Client", "Client\Client.csproj", "{8576B498-1E32-48D6-9947-A3900E713000}"
EndProject
Global
	GlobalSection(SolutionConfigurationPlatforms) = preSolution
		Debug|Any CPU = Debug|Any CPU
		Release|Any CPU = Release|Any CPU
	EndGlobalSection
	GlobalSection(ProjectConfigurationPlatforms) = postSolution
		{732D2850-7D6D-46CE-801B-493543CA6013}.Debug|Any CPU.ActiveCfg = Debug|Any CPU
		{732D2850-7D6D-46CE-801B-493543CA6013}.Debug|Any CPU.Build.0 = Debug|Any CPU
		{732D2850-7D6D-46CE-801B-493543CA6013}.Release|Any CPU.ActiveCfg = Release|Any CPU
		{732D2850-7D6D-46CE-801B-493543CA6013}.Release|Any CPU.Build.0 = Release|Any CPU
		{8576B498-1E32-48D6-9947-A3900E713000}.Debug|Any CPU.ActiveCfg = Debug|Any CPU
		{8576B498-1E32-48D6-9947-A3900E713000}.Debug|Any CPU.Build.0 = Debug|Any CPU
		{8576B498-1E32-48D6-9947-A3900E713000}.Release|Any CPU.ActiveCfg = Release|Any CPU
		{8576B498-1E32-48D6-9947-A3900E713000}.Release|Any CPU.Build.0 = Release|Any CPU
	EndGlobalSection
	GlobalSection(SolutionProperties) = preSolution
		HideSolutionNode = FALSE
	EndGlobalSection
	GlobalSection(ExtensibilityGlobals) = postSolution
		SolutionGuid = {4E7B5553-922D-4170-839D-3949DB542FFC}
	EndGlobalSection
EndGlobal
